
Microsoft Visual Studio Solution File, Format Version 12.00
# Visual Studio Version 16
VisualStudioVersion = 16.0.30128.36
MinimumVisualStudioVersion = 10.0.40219.1
Project("{FAE04EC0-301F-11D3-BF4B-00C04F79EFBC}") = "LoginScreen.WpfAppLiveCoding", "LoginScreen.WpfAppLiveCoding\LoginScreen.WpfAppLiveCoding.csproj", "{8FA35C39-6898-4BFC-A6D7-65B73D52FFA1}"
EndProject
Global
	GlobalSection(SolutionConfigurationPlatforms) = preSolution
		Debug|Any CPU = Debug|Any CPU
		Release|Any CPU = Release|Any CPU
	EndGlobalSection
	GlobalSection(ProjectConfigurationPlatforms) = postSolution
		{8FA35C39-6898-4BFC-A6D7-65B73D52FFA1}.Debug|Any CPU.ActiveCfg = Debug|Any CPU
		{8FA35C39-6898-4BFC-A6D7-65B73D52FFA1}.Debug|Any CPU.Build.0 = Debug|Any CPU
		{8FA35C39-6898-4BFC-A6D7-65B73D52FFA1}.Release|Any CPU.ActiveCfg = Release|Any CPU
		{8FA35C39-6898-4BFC-A6D7-65B73D52FFA1}.Release|Any CPU.Build.0 = Release|Any CPU
	EndGlobalSection
	GlobalSection(SolutionProperties) = preSolution
		HideSolutionNode = FALSE
	EndGlobalSection
	GlobalSection(ExtensibilityGlobals) = postSolution
		SolutionGuid = {4213C85C-7B8E-4F29-8B73-F5A99E8C2D36}
	EndGlobalSection
EndGlobal
